{
  "name": "selfhost-block",
  "version": "0.1.0",
  "lockfileVersion": 3,
  "requires": true,
  "packages": {
    "": {
      "name": "selfhost-block",
      "version": "0.1.0",
      "license": "GPL-2.0-or-later",
      "devDependencies": {
        "@wordpress/scripts": "^27.9.0"
      }
    }
  }
}
